
Microsoft Visual Studio Solution File, Format Version 12.00
# Visual Studio 2013
VisualStudioVersion = 12.0.30723.0
MinimumVisualStudioVersion = 10.0.40219.1
Project("{FAE04EC0-301F-11D3-BF4B-00C04F79EFBC}") = "IHM", "IHM\IHM.csproj", "{81950D5B-D15C-4741-A1FE-5627362D2F45}"
EndProject
Project("{FAE04EC0-301F-11D3-BF4B-00C04F79EFBC}") = "SensorsAlgorithm", "SensorsAlgorithm\SensorsAlgorithm.csproj", "{4CE2664E-BC4F-44AC-9B69-47D85B3F52E8}"
EndProject
Project("{FAE04EC0-301F-11D3-BF4B-00C04F79EFBC}") = "WifiTransfer", "WifiTransfer\WifiTransfer.csproj", "{612DB983-AE81-4B1E-B35D-D8016EF2AEC3}"
EndProject
Global
	GlobalSection(SolutionConfigurationPlatforms) = preSolution
		Debug|Any CPU = Debug|Any CPU
		Release|Any CPU = Release|Any CPU
	EndGlobalSection
	GlobalSection(ProjectConfigurationPlatforms) = postSolution
		{81950D5B-D15C-4741-A1FE-5627362D2F45}.Debug|Any CPU.ActiveCfg = Debug|Any CPU
		{81950D5B-D15C-4741-A1FE-5627362D2F45}.Debug|Any CPU.Build.0 = Debug|Any CPU
		{81950D5B-D15C-4741-A1FE-5627362D2F45}.Release|Any CPU.ActiveCfg = Release|Any CPU
		{81950D5B-D15C-4741-A1FE-5627362D2F45}.Release|Any CPU.Build.0 = Release|Any CPU
		{4CE2664E-BC4F-44AC-9B69-47D85B3F52E8}.Debug|Any CPU.ActiveCfg = Debug|Any CPU
		{4CE2664E-BC4F-44AC-9B69-47D85B3F52E8}.Debug|Any CPU.Build.0 = Debug|Any CPU
		{4CE2664E-BC4F-44AC-9B69-47D85B3F52E8}.Release|Any CPU.ActiveCfg = Release|Any CPU
		{4CE2664E-BC4F-44AC-9B69-47D85B3F52E8}.Release|Any CPU.Build.0 = Release|Any CPU
		{612DB983-AE81-4B1E-B35D-D8016EF2AEC3}.Debug|Any CPU.ActiveCfg = Debug|Any CPU
		{612DB983-AE81-4B1E-B35D-D8016EF2AEC3}.Debug|Any CPU.Build.0 = Debug|Any CPU
		{612DB983-AE81-4B1E-B35D-D8016EF2AEC3}.Release|Any CPU.ActiveCfg = Release|Any CPU
		{612DB983-AE81-4B1E-B35D-D8016EF2AEC3}.Release|Any CPU.Build.0 = Release|Any CPU
	EndGlobalSection
	GlobalSection(SolutionProperties) = preSolution
		HideSolutionNode = FALSE
	EndGlobalSection
EndGlobal
